
Microsoft Visual Studio Solution File, Format Version 12.00
# Visual Studio Version 17
VisualStudioVersion = 17.10.35122.118
MinimumVisualStudioVersion = 10.0.40219.1
Project("{FAE04EC0-301F-11D3-BF4B-00C04F79EFBC}") = "C43-G03-C#04_assignment", "C43-G03-C#04_assignment\C43-G03-C#04_assignment.csproj", "{8D7F6C43-D771-41E8-90D4-8E2584340312}"
EndProject
Global
	GlobalSection(SolutionConfigurationPlatforms) = preSolution
		Debug|Any CPU = Debug|Any CPU
		Release|Any CPU = Release|Any CPU
	EndGlobalSection
	GlobalSection(ProjectConfigurationPlatforms) = postSolution
		{8D7F6C43-D771-41E8-90D4-8E2584340312}.Debug|Any CPU.ActiveCfg = Debug|Any CPU
		{8D7F6C43-D771-41E8-90D4-8E2584340312}.Debug|Any CPU.Build.0 = Debug|Any CPU
		{8D7F6C43-D771-41E8-90D4-8E2584340312}.Release|Any CPU.ActiveCfg = Release|Any CPU
		{8D7F6C43-D771-41E8-90D4-8E2584340312}.Release|Any CPU.Build.0 = Release|Any CPU
	EndGlobalSection
	GlobalSection(SolutionProperties) = preSolution
		HideSolutionNode = FALSE
	EndGlobalSection
	GlobalSection(ExtensibilityGlobals) = postSolution
		SolutionGuid = {875118BF-B4C0-42A3-A9AC-62ED93858A81}
	EndGlobalSection
EndGlobal
